// !$*UTF8*$!
{
	archiveVersion = 1;
	classes = {
	};
	objectVersion = 50;
	objects = {

/* Begin PBXBuildFile section */
		1DEF164C24B7043B00FEC957 /* AppDelegate.swift in Sources */ = {isa = PBXBuildFile; fileRef = 1DEF164B24B7043B00FEC957 /* AppDelegate.swift */; };
		1DEF165524B7043D00FEC957 /* Assets.xcassets in Resources */ = {isa = PBXBuildFile; fileRef = 1DEF165424B7043D00FEC957 /* Assets.xcassets */; };
		1DEF165824B7043D00FEC957 /* LaunchScreen.storyboard in Resources */ = {isa = PBXBuildFile; fileRef = 1DEF165624B7043D00FEC957 /* LaunchScreen.storyboard */; };
		1DEF166324B7043D00FEC957 /* iOs_CalculatorTests.swift in Sources */ = {isa = PBXBuildFile; fileRef = 1DEF166224B7043D00FEC957 /* iOs_CalculatorTests.swift */; };
		1DEF167F24B7156600FEC957 /* HomeViewController.swift in Sources */ = {isa = PBXBuildFile; fileRef = 1DEF167D24B7156600FEC957 /* HomeViewController.swift */; };
		1DEF168024B7156600FEC957 /* HomeViewController.xib in Resources */ = {isa = PBXBuildFile; fileRef = 1DEF167E24B7156600FEC957 /* HomeViewController.xib */; };
		1DEF168224B7245B00FEC957 /* .gitignore in Resources */ = {isa = PBXBuildFile; fileRef = 1DEF168124B7245B00FEC957 /* .gitignore */; };
		1DEF168824B73C1400FEC957 /* UIButtonExtension.swift in Sources */ = {isa = PBXBuildFile; fileRef = 1DEF168724B73C1400FEC957 /* UIButtonExtension.swift */; };
/* End PBXBuildFile section */

/* Begin PBXContainerItemProxy section */
		1DEF165F24B7043D00FEC957 /* PBXContainerItemProxy */ = {
			isa = PBXContainerItemProxy;
			containerPortal = 1DEF164024B7043B00FEC957 /* Project object */;
			proxyType = 1;
			remoteGlobalIDString = 1DEF164724B7043B00FEC957;
			remoteInfo = "iOs-Calculator";
		};
/* End PBXContainerItemProxy section */

/* Begin PBXFileReference section */
		1DEF164824B7043B00FEC957 /* iOS Calculator.app */ = {isa = PBXFileReference; explicitFileType = wrapper.application; includeInIndex = 0; path = "iOS Calculator.app"; sourceTree = BUILT_PRODUCTS_DIR; };
		1DEF164B24B7043B00FEC957 /* AppDelegate.swift */ = {isa = PBXFileReference; lastKnownFileType = sourcecode.swift; path = AppDelegate.swift; sourceTree = "<group>"; };
		1DEF165424B7043D00FEC957 /* Assets.xcassets */ = {isa = PBXFileReference; lastKnownFileType = folder.assetcatalog; path = Assets.xcassets; sourceTree = "<group>"; };
		1DEF165724B7043D00FEC957 /* Base */ = {isa = PBXFileReference; lastKnownFileType = file.storyboard; name = Base; path = Base.lproj/LaunchScreen.storyboard; sourceTree = "<group>"; };
		1DEF165924B7043D00FEC957 /* Info.plist */ = {isa = PBXFileReference; lastKnownFileType = text.plist.xml; path = Info.plist; sourceTree = "<group>"; };
		1DEF165E24B7043D00FEC957 /* iOs-CalculatorTests.xctest */ = {isa = PBXFileReference; explicitFileType = wrapper.cfbundle; includeInIndex = 0; path = "iOs-CalculatorTests.xctest"; sourceTree = BUILT_PRODUCTS_DIR; };
		1DEF166224B7043D00FEC957 /* iOs_CalculatorTests.swift */ = {isa = PBXFileReference; lastKnownFileType = sourcecode.swift; path = iOs_CalculatorTests.swift; sourceTree = "<group>"; };
		1DEF166424B7043D00FEC957 /* Info.plist */ = {isa = PBXFileReference; lastKnownFileType = text.plist.xml; path = Info.plist; sourceTree = "<group>"; };
		1DEF167D24B7156600FEC957 /* HomeViewController.swift */ = {isa = PBXFileReference; lastKnownFileType = sourcecode.swift; path = HomeViewController.swift; sourceTree = "<group>"; };
		1DEF167E24B7156600FEC957 /* HomeViewController.xib */ = {isa = PBXFileReference; lastKnownFileType = file.xib; path = HomeViewController.xib; sourceTree = "<group>"; };
		1DEF168124B7245B00FEC957 /* .gitignore */ = {isa = PBXFileReference; lastKnownFileType = text; path = .gitignore; sourceTree = "<group>"; };
		1DEF168724B73C1400FEC957 /* UIButtonExtension.swift */ = {isa = PBXFileReference; lastKnownFileType = sourcecode.swift; path = UIButtonExtension.swift; sourceTree = "<group>"; };
/* End PBXFileReference section */

/* Begin PBXFrameworksBuildPhase section */
		1DEF164524B7043B00FEC957 /* Frameworks */ = {
			isa = PBXFrameworksBuildPhase;
			buildActionMask = 2147483647;
			files = (
			);
			runOnlyForDeploymentPostprocessing = 0;
		};
		1DEF165B24B7043D00FEC957 /* Frameworks */ = {
			isa = PBXFrameworksBuildPhase;
			buildActionMask = 2147483647;
			files = (
			);
			runOnlyForDeploymentPostprocessing = 0;
		};
/* End PBXFrameworksBuildPhase section */

/* Begin PBXGroup section */
		1DEF163F24B7043B00FEC957 = {
			isa = PBXGroup;
			children = (
				1DEF164A24B7043B00FEC957 /* iOs-Calculator */,
				1DEF166124B7043D00FEC957 /* iOs-CalculatorTests */,
				1DEF164924B7043B00FEC957 /* Products */,
				1DEF168124B7245B00FEC957 /* .gitignore */,
			);
			sourceTree = "<group>";
		};
		1DEF164924B7043B00FEC957 /* Products */ = {
			isa = PBXGroup;
			children = (
				1DEF164824B7043B00FEC957 /* iOS Calculator.app */,
				1DEF165E24B7043D00FEC957 /* iOs-CalculatorTests.xctest */,
			);
			name = Products;
			sourceTree = "<group>";
		};
		1DEF164A24B7043B00FEC957 /* iOs-Calculator */ = {
			isa = PBXGroup;
			children = (
				1DEF164B24B7043B00FEC957 /* AppDelegate.swift */,
				1DEF167024B7095500FEC957 /* View */,
				1DEF166F24B7094C00FEC957 /* Controller */,
				1DEF166E24B7093700FEC957 /* Model */,
				1DEF165424B7043D00FEC957 /* Assets.xcassets */,
				1DEF167124B7095C00FEC957 /* Util */,
				1DEF166D24B704AE00FEC957 /* Supporting Files */,
			);
			path = "iOs-Calculator";
			sourceTree = "<group>";
		};
		1DEF166124B7043D00FEC957 /* iOs-CalculatorTests */ = {
			isa = PBXGroup;
			children = (
				1DEF166224B7043D00FEC957 /* iOs_CalculatorTests.swift */,
				1DEF166424B7043D00FEC957 /* Info.plist */,
			);
			path = "iOs-CalculatorTests";
			sourceTree = "<group>";
		};
		1DEF166D24B704AE00FEC957 /* Supporting Files */ = {
			isa = PBXGroup;
			children = (
				1DEF165924B7043D00FEC957 /* Info.plist */,
			);
			path = "Supporting Files";
			sourceTree = "<group>";
		};
		1DEF166E24B7093700FEC957 /* Model */ = {
			isa = PBXGroup;
			children = (
			);
			path = Model;
			sourceTree = "<group>";
		};
		1DEF166F24B7094C00FEC957 /* Controller */ = {
			isa = PBXGroup;
			children = (
				1DEF167424B70A1A00FEC957 /* Home */,
			);
			path = Controller;
			sourceTree = "<group>";
		};
		1DEF167024B7095500FEC957 /* View */ = {
			isa = PBXGroup;
			children = (
				1DEF167224B7099400FEC957 /* Launch */,
				1DEF167324B709F200FEC957 /* Home */,
			);
			path = View;
			sourceTree = "<group>";
		};
		1DEF167124B7095C00FEC957 /* Util */ = {
			isa = PBXGroup;
			children = (
				1DEF168724B73C1400FEC957 /* UIButtonExtension.swift */,
			);
			path = Util;
			sourceTree = "<group>";
		};
		1DEF167224B7099400FEC957 /* Launch */ = {
			isa = PBXGroup;
			children = (
				1DEF165624B7043D00FEC957 /* LaunchScreen.storyboard */,
			);
			path = Launch;
			sourceTree = "<group>";
		};
		1DEF167324B709F200FEC957 /* Home */ = {
			isa = PBXGroup;
			children = (
				1DEF167E24B7156600FEC957 /* HomeViewController.xib */,
			);
			path = Home;
			sourceTree = "<group>";
		};
		1DEF167424B70A1A00FEC957 /* Home */ = {
			isa = PBXGroup;
			children = (
				1DEF167D24B7156600FEC957 /* HomeViewController.swift */,
			);
			path = Home;
			sourceTree = "<group>";
		};
/* End PBXGroup section */

/* Begin PBXNativeTarget section */
		1DEF164724B7043B00FEC957 /* iOs-Calculator */ = {
			isa = PBXNativeTarget;
			buildConfigurationList = 1DEF166724B7043D00FEC957 /* Build configuration list for PBXNativeTarget "iOs-Calculator" */;
			buildPhases = (
				1DEF164424B7043B00FEC957 /* Sources */,
				1DEF164524B7043B00FEC957 /* Frameworks */,
				1DEF164624B7043B00FEC957 /* Resources */,
			);
			buildRules = (
			);
			dependencies = (
			);
			name = "iOs-Calculator";
			productName = "iOs-Calculator";
			productReference = 1DEF164824B7043B00FEC957 /* iOS Calculator.app */;
			productType = "com.apple.product-type.application";
		};
		1DEF165D24B7043D00FEC957 /* iOs-CalculatorTests */ = {
			isa = PBXNativeTarget;
			buildConfigurationList = 1DEF166A24B7043D00FEC957 /* Build configuration list for PBXNativeTarget "iOs-CalculatorTests" */;
			buildPhases = (
				1DEF165A24B7043D00FEC957 /* Sources */,
				1DEF165B24B7043D00FEC957 /* Frameworks */,
				1DEF165C24B7043D00FEC957 /* Resources */,
			);
			buildRules = (
			);
			dependencies = (
				1DEF166024B7043D00FEC957 /* PBXTargetDependency */,
			);
			name = "iOs-CalculatorTests";
			productName = "iOs-CalculatorTests";
			productReference = 1DEF165E24B7043D00FEC957 /* iOs-CalculatorTests.xctest */;
			productType = "com.apple.product-type.bundle.unit-test";
		};
/* End PBXNativeTarget section */

/* Begin PBXProject section */
		1DEF164024B7043B00FEC957 /* Project object */ = {
			isa = PBXProject;
			attributes = {
				LastSwiftUpdateCheck = 1150;
				LastUpgradeCheck = 1150;
				ORGANIZATIONNAME = "Jose Carlos Duran";
				TargetAttributes = {
					1DEF164724B7043B00FEC957 = {
						CreatedOnToolsVersion = 11.5;
					};
					1DEF165D24B7043D00FEC957 = {
						CreatedOnToolsVersion = 11.5;
						TestTargetID = 1DEF164724B7043B00FEC957;
					};
				};
			};
			buildConfigurationList = 1DEF164324B7043B00FEC957 /* Build configuration list for PBXProject "iOs-Calculator" */;
			compatibilityVersion = "Xcode 9.3";
			developmentRegion = en;
			hasScannedForEncodings = 0;
			knownRegions = (
				en,
				Base,
			);
			mainGroup = 1DEF163F24B7043B00FEC957;
			productRefGroup = 1DEF164924B7043B00FEC957 /* Products */;
			projectDirPath = "";
			projectRoot = "";
			targets = (
				1DEF164724B7043B00FEC957 /* iOs-Calculator */,
				1DEF165D24B7043D00FEC957 /* iOs-CalculatorTests */,
			);
		};
/* End PBXProject section */

/* Begin PBXResourcesBuildPhase section */
		1DEF164624B7043B00FEC957 /* Resources */ = {
			isa = PBXResourcesBuildPhase;
			buildActionMask = 2147483647;
			files = (
				1DEF168224B7245B00FEC957 /* .gitignore in Resources */,
				1DEF165824B7043D00FEC957 /* LaunchScreen.storyboard in Resources */,
				1DEF165524B7043D00FEC957 /* Assets.xcassets in Resources */,
				1DEF168024B7156600FEC957 /* HomeViewController.xib in Resources */,
			);
			runOnlyForDeploymentPostprocessing = 0;
		};
		1DEF165C24B7043D00FEC957 /* Resources */ = {
			isa = PBXResourcesBuildPhase;
			buildActionMask = 2147483647;
			files = (
			);
			runOnlyForDeploymentPostprocessing = 0;
		};
/* End PBXResourcesBuildPhase section */

/* Begin PBXSourcesBuildPhase section */
		1DEF164424B7043B00FEC957 /* Sources */ = {
			isa = PBXSourcesBuildPhase;
			buildActionMask = 2147483647;
			files = (
				1DEF164C24B7043B00FEC957 /* AppDelegate.swift in Sources */,
				1DEF167F24B7156600FEC957 /* HomeViewController.swift in Sources */,
				1DEF168824B73C1400FEC957 /* UIButtonExtension.swift in Sources */,
			);
			runOnlyForDeploymentPostprocessing = 0;
		};
		1DEF165A24B7043D00FEC957 /* Sources */ = {
			isa = PBXSourcesBuildPhase;
			buildActionMask = 2147483647;
			files = (
				1DEF166324B7043D00FEC957 /* iOs_CalculatorTests.swift in Sources */,
			);
			runOnlyForDeploymentPostprocessing = 0;
		};
/* End PBXSourcesBuildPhase section */

/* Begin PBXTargetDependency section */
		1DEF166024B7043D00FEC957 /* PBXTargetDependency */ = {
			isa = PBXTargetDependency;
			target = 1DEF164724B7043B00FEC957 /* iOs-Calculator */;
			targetProxy = 1DEF165F24B7043D00FEC957 /* PBXContainerItemProxy */;
		};
/* End PBXTargetDependency section */

/* Begin PBXVariantGroup section */
		1DEF165624B7043D00FEC957 /* LaunchScreen.storyboard */ = {
			isa = PBXVariantGroup;
			children = (
				1DEF165724B7043D00FEC957 /* Base */,
			);
			name = LaunchScreen.storyboard;
			sourceTree = "<group>";
		};
/* End PBXVariantGroup section */

/* Begin XCBuildConfiguration section */
		1DEF166524B7043D00FEC957 /* Debug */ = {
			isa = XCBuildConfiguration;
			buildSettings = {
				ALWAYS_SEARCH_USER_PATHS = NO;
				CLANG_ANALYZER_NONNULL = YES;
				CLANG_ANALYZER_NUMBER_OBJECT_CONVERSION = YES_AGGRESSIVE;
				CLANG_CXX_LANGUAGE_STANDARD = "gnu++14";
				CLANG_CXX_LIBRARY = "libc++";
				CLANG_ENABLE_MODULES = YES;
				CLANG_ENABLE_OBJC_ARC = YES;
				CLANG_ENABLE_OBJC_WEAK = YES;
				CLANG_WARN_BLOCK_CAPTURE_AUTORELEASING = YES;
				CLANG_WARN_BOOL_CONVERSION = YES;
				CLANG_WARN_COMMA = YES;
				CLANG_WARN_CONSTANT_CONVERSION = YES;
				CLANG_WARN_DEPRECATED_OBJC_IMPLEMENTATIONS = YES;
				CLANG_WARN_DIRECT_OBJC_ISA_USAGE = YES_ERROR;
				CLANG_WARN_DOCUMENTATION_COMMENTS = YES;
				CLANG_WARN_EMPTY_BODY = YES;
				CLANG_WARN_ENUM_CONVERSION = YES;
				CLANG_WARN_INFINITE_RECURSION = YES;
				CLANG_WARN_INT_CONVERSION = YES;
				CLANG_WARN_NON_LITERAL_NULL_CONVERSION = YES;
				CLANG_WARN_OBJC_IMPLICIT_RETAIN_SELF = YES;
				CLANG_WARN_OBJC_LITERAL_CONVERSION = YES;
				CLANG_WARN_OBJC_ROOT_CLASS = YES_ERROR;
				CLANG_WARN_RANGE_LOOP_ANALYSIS = YES;
				CLANG_WARN_STRICT_PROTOTYPES = YES;
				CLANG_WARN_SUSPICIOUS_MOVE = YES;
				CLANG_WARN_UNGUARDED_AVAILABILITY = YES_AGGRESSIVE;
				CLANG_WARN_UNREACHABLE_CODE = YES;
				CLANG_WARN__DUPLICATE_METHOD_MATCH = YES;
				COPY_PHASE_STRIP = NO;
				DEBUG_INFORMATION_FORMAT = dwarf;
				ENABLE_STRICT_OBJC_MSGSEND = YES;
				ENABLE_TESTABILITY = YES;
				GCC_C_LANGUAGE_STANDARD = gnu11;
				GCC_DYNAMIC_NO_PIC = NO;
				GCC_NO_COMMON_BLOCKS = YES;
				GCC_OPTIMIZATION_LEVEL = 0;
				GCC_PREPROCESSOR_DEFINITIONS = (
					"DEBUG=1",
					"$(inherited)",
				);
				GCC_WARN_64_TO_32_BIT_CONVERSION = YES;
				GCC_WARN_ABOUT_RETURN_TYPE = YES_ERROR;
				GCC_WARN_UNDECLARED_SELECTOR = YES;
				GCC_WARN_UNINITIALIZED_AUTOS = YES_AGGRESSIVE;
				GCC_WARN_UNUSED_FUNCTION = YES;
				GCC_WARN_UNUSED_VARIABLE = YES;
				IPHONEOS_DEPLOYMENT_TARGET = 13.5;
				MTL_ENABLE_DEBUG_INFO = INCLUDE_SOURCE;
				MTL_FAST_MATH = YES;
				ONLY_ACTIVE_ARCH = YES;
				SDKROOT = iphoneos;
				SWIFT_ACTIVE_COMPILATION_CONDITIONS = DEBUG;
				SWIFT_OPTIMIZATION_LEVEL = "-Onone";
			};
			name = Debug;
		};
		1DEF166624B7043D00FEC957 /* Release */ = {
			isa = XCBuildConfiguration;
			buildSettings = {
				ALWAYS_SEARCH_USER_PATHS = NO;
				CLANG_ANALYZER_NONNULL = YES;
				CLANG_ANALYZER_NUMBER_OBJECT_CONVERSION = YES_AGGRESSIVE;
				CLANG_CXX_LANGUAGE_STANDARD = "gnu++14";
				CLANG_CXX_LIBRARY = "libc++";
				CLANG_ENABLE_MODULES = YES;
				CLANG_ENABLE_OBJC_ARC = YES;
				CLANG_ENABLE_OBJC_WEAK = YES;
				CLANG_WARN_BLOCK_CAPTURE_AUTORELEASING = YES;
				CLANG_WARN_BOOL_CONVERSION = YES;
				CLANG_WARN_COMMA = YES;
				CLANG_WARN_CONSTANT_CONVERSION = YES;
				CLANG_WARN_DEPRECATED_OBJC_IMPLEMENTATIONS = YES;
				CLANG_WARN_DIRECT_OBJC_ISA_USAGE = YES_ERROR;
				CLANG_WARN_DOCUMENTATION_COMMENTS = YES;
				CLANG_WARN_EMPTY_BODY = YES;
				CLANG_WARN_ENUM_CONVERSION = YES;
				CLANG_WARN_INFINITE_RECURSION = YES;
				CLANG_WARN_INT_CONVERSION = YES;
				CLANG_WARN_NON_LITERAL_NULL_CONVERSION = YES;
				CLANG_WARN_OBJC_IMPLICIT_RETAIN_SELF = YES;
				CLANG_WARN_OBJC_LITERAL_CONVERSION = YES;
				CLANG_WARN_OBJC_ROOT_CLASS = YES_ERROR;
				CLANG_WARN_RANGE_LOOP_ANALYSIS = YES;
				CLANG_WARN_STRICT_PROTOTYPES = YES;
				CLANG_WARN_SUSPICIOUS_MOVE = YES;
				CLANG_WARN_UNGUARDED_AVAILABILITY = YES_AGGRESSIVE;
				CLANG_WARN_UNREACHABLE_CODE = YES;
				CLANG_WARN__DUPLICATE_METHOD_MATCH = YES;
				COPY_PHASE_STRIP = NO;
				DEBUG_INFORMATION_FORMAT = "dwarf-with-dsym";
				ENABLE_NS_ASSERTIONS = NO;
				ENABLE_STRICT_OBJC_MSGSEND = YES;
				GCC_C_LANGUAGE_STANDARD = gnu11;
				GCC_NO_COMMON_BLOCKS = YES;
				GCC_WARN_64_TO_32_BIT_CONVERSION = YES;
				GCC_WARN_ABOUT_RETURN_TYPE = YES_ERROR;
				GCC_WARN_UNDECLARED_SELECTOR = YES;
				GCC_WARN_UNINITIALIZED_AUTOS = YES_AGGRESSIVE;
				GCC_WARN_UNUSED_FUNCTION = YES;
				GCC_WARN_UNUSED_VARIABLE = YES;
				IPHONEOS_DEPLOYMENT_TARGET = 13.5;
				MTL_ENABLE_DEBUG_INFO = NO;
				MTL_FAST_MATH = YES;
				SDKROOT = iphoneos;
				SWIFT_COMPILATION_MODE = wholemodule;
				SWIFT_OPTIMIZATION_LEVEL = "-O";
				VALIDATE_PRODUCT = YES;
			};
			name = Release;
		};
		1DEF166824B7043D00FEC957 /* Debug */ = {
			isa = XCBuildConfiguration;
			buildSettings = {
				ASSETCATALOG_COMPILER_APPICON_NAME = AppIcon;
				CODE_SIGN_STYLE = Automatic;
				DEVELOPMENT_TEAM = YL4RMV34Z7;
				INFOPLIST_FILE = "iOs-Calculator/Supporting Files/Info.plist";
				LD_RUNPATH_SEARCH_PATHS = (
					"$(inherited)",
					"@executable_path/Frameworks",
				);
				PRODUCT_BUNDLE_IDENTIFIER = "com.jcduran.iOs-Calculator";
				PRODUCT_NAME = "iOS Calculator";
				SWIFT_VERSION = 5.0;
				TARGETED_DEVICE_FAMILY = "1,2";
			};
			name = Debug;
		};
		1DEF166924B7043D00FEC957 /* Release */ = {
			isa = XCBuildConfiguration;
			buildSettings = {
				ASSETCATALOG_COMPILER_APPICON_NAME = AppIcon;
				CODE_SIGN_STYLE = Automatic;
				DEVELOPMENT_TEAM = YL4RMV34Z7;
				INFOPLIST_FILE = "iOs-Calculator/Supporting Files/Info.plist";
				LD_RUNPATH_SEARCH_PATHS = (
					"$(inherited)",
					"@executable_path/Frameworks",
				);
				PRODUCT_BUNDLE_IDENTIFIER = "com.jcduran.iOs-Calculator";
				PRODUCT_NAME = "iOS Calculator";
				SWIFT_VERSION = 5.0;
				TARGETED_DEVICE_FAMILY = "1,2";
			};
			name = Release;
		};
		1DEF166B24B7043D00FEC957 /* Debug */ = {
			isa = XCBuildConfiguration;
			buildSettings = {
				ALWAYS_EMBED_SWIFT_STANDARD_LIBRARIES = YES;
				BUNDLE_LOADER = "$(TEST_HOST)";
				CODE_SIGN_STYLE = Automatic;
				DEVELOPMENT_TEAM = YL4RMV34Z7;
				INFOPLIST_FILE = "iOs-CalculatorTests/Info.plist";
				IPHONEOS_DEPLOYMENT_TARGET = 13.5;
				LD_RUNPATH_SEARCH_PATHS = (
					"$(inherited)",
					"@executable_path/Frameworks",
					"@loader_path/Frameworks",
				);
				PRODUCT_BUNDLE_IDENTIFIER = "com.jcduran.iOs-CalculatorTests";
				PRODUCT_NAME = "$(TARGET_NAME)";
				SWIFT_VERSION = 5.0;
				TARGETED_DEVICE_FAMILY = "1,2";
				TEST_HOST = "$(BUILT_PRODUCTS_DIR)/iOs-Calculator.app/iOs-Calculator";
			};
			name = Debug;
		};
		1DEF166C24B7043D00FEC957 /* Release */ = {
			isa = XCBuildConfiguration;
			buildSettings = {
				ALWAYS_EMBED_SWIFT_STANDARD_LIBRARIES = YES;
				BUNDLE_LOADER = "$(TEST_HOST)";
				CODE_SIGN_STYLE = Automatic;
				DEVELOPMENT_TEAM = YL4RMV34Z7;
				INFOPLIST_FILE = "iOs-CalculatorTests/Info.plist";
				IPHONEOS_DEPLOYMENT_TARGET = 13.5;
				LD_RUNPATH_SEARCH_PATHS = (
					"$(inherited)",
					"@executable_path/Frameworks",
					"@loader_path/Frameworks",
				);
				PRODUCT_BUNDLE_IDENTIFIER = "com.jcduran.iOs-CalculatorTests";
				PRODUCT_NAME = "$(TARGET_NAME)";
				SWIFT_VERSION = 5.0;
				TARGETED_DEVICE_FAMILY = "1,2";
				TEST_HOST = "$(BUILT_PRODUCTS_DIR)/iOs-Calculator.app/iOs-Calculator";
			};
			name = Release;
		};
/* End XCBuildConfiguration section */

/* Begin XCConfigurationList section */
		1DEF164324B7043B00FEC957 /* Build configuration list for PBXProject "iOs-Calculator" */ = {
			isa = XCConfigurationList;
			buildConfigurations = (
				1DEF166524B7043D00FEC957 /* Debug */,
				1DEF166624B7043D00FEC957 /* Release */,
			);
			defaultConfigurationIsVisible = 0;
			defaultConfigurationName = Release;
		};
		1DEF166724B7043D00FEC957 /* Build configuration list for PBXNativeTarget "iOs-Calculator" */ = {
			isa = XCConfigurationList;
			buildConfigurations = (
				1DEF166824B7043D00FEC957 /* Debug */,
				1DEF166924B7043D00FEC957 /* Release */,
			);
			defaultConfigurationIsVisible = 0;
			defaultConfigurationName = Release;
		};
		1DEF166A24B7043D00FEC957 /* Build configuration list for PBXNativeTarget "iOs-CalculatorTests" */ = {
			isa = XCConfigurationList;
			buildConfigurations = (
				1DEF166B24B7043D00FEC957 /* Debug */,
				1DEF166C24B7043D00FEC957 /* Release */,
			);
			defaultConfigurationIsVisible = 0;
			defaultConfigurationName = Release;
		};
/* End XCConfigurationList section */
	};
	rootObject = 1DEF164024B7043B00FEC957 /* Project object */;
}
